
Microsoft Visual Studio Solution File, Format Version 12.00
# Visual Studio Version 17
VisualStudioVersion = 17.0.31903.59
MinimumVisualStudioVersion = 10.0.40219.1
Project("{2150E333-8FDC-42A3-9474-1A3956D46DE8}") = "src", "src", "{AB310EC6-B683-496D-9234-3B332DCA3CDB}"
EndProject
Project("{FAE04EC0-301F-11D3-BF4B-00C04F79EFBC}") = "DarkMyst.Combat", "src\DarkMyst.Combat\DarkMyst.Combat.csproj", "{0337D14B-CE86-4911-9500-D63442E85BE8}"
EndProject
Project("{FAE04EC0-301F-11D3-BF4B-00C04F79EFBC}") = "DarkMyst.Content", "src\DarkMyst.Content\DarkMyst.Content.csproj", "{84428837-A54D-42AB-9633-0395D4C3F7E2}"
EndProject
Project("{2150E333-8FDC-42A3-9474-1A3956D46DE8}") = "tests", "tests", "{D221E077-772D-4F58-8E31-9B5E8F2F50CF}"
EndProject
Project("{FAE04EC0-301F-11D3-BF4B-00C04F79EFBC}") = "DarkMyst.Combat.Tests", "tests\DarkMyst.Combat.Tests\DarkMyst.Combat.Tests.csproj", "{7293753F-492C-4AAC-9892-2459123E393B}"
EndProject
Project("{FAE04EC0-301F-11D3-BF4B-00C04F79EFBC}") = "DarkMyst.Content.Tests", "tests\DarkMyst.Content.Tests\DarkMyst.Content.Tests.csproj", "{BC73C2A9-CCF4-42F1-BA85-0FE8EBA3889E}"
EndProject
Project("{2150E333-8FDC-42A3-9474-1A3956D46DE8}") = "tools", "tools", "{363B4E89-5BB7-4742-B53E-40C7CFD10C04}"
EndProject
Project("{FAE04EC0-301F-11D3-BF4B-00C04F79EFBC}") = "DarkMyst.SimRunner", "tools\DarkMyst.SimRunner\DarkMyst.SimRunner.csproj", "{D76F636F-AA35-4B30-96A4-6BF8638455F9}"
EndProject
Global
	GlobalSection(SolutionConfigurationPlatforms) = preSolution
		Debug|Any CPU = Debug|Any CPU
		Release|Any CPU = Release|Any CPU
	EndGlobalSection
	GlobalSection(SolutionProperties) = preSolution
		HideSolutionNode = FALSE
	EndGlobalSection
	GlobalSection(ProjectConfigurationPlatforms) = postSolution
		{0337D14B-CE86-4911-9500-D63442E85BE8}.Debug|Any CPU.ActiveCfg = Debug|Any CPU
		{0337D14B-CE86-4911-9500-D63442E85BE8}.Debug|Any CPU.Build.0 = Debug|Any CPU
		{0337D14B-CE86-4911-9500-D63442E85BE8}.Release|Any CPU.ActiveCfg = Release|Any CPU
		{0337D14B-CE86-4911-9500-D63442E85BE8}.Release|Any CPU.Build.0 = Release|Any CPU
		{84428837-A54D-42AB-9633-0395D4C3F7E2}.Debug|Any CPU.ActiveCfg = Debug|Any CPU
		{84428837-A54D-42AB-9633-0395D4C3F7E2}.Debug|Any CPU.Build.0 = Debug|Any CPU
		{84428837-A54D-42AB-9633-0395D4C3F7E2}.Release|Any CPU.ActiveCfg = Release|Any CPU
		{84428837-A54D-42AB-9633-0395D4C3F7E2}.Release|Any CPU.Build.0 = Release|Any CPU
		{7293753F-492C-4AAC-9892-2459123E393B}.Debug|Any CPU.ActiveCfg = Debug|Any CPU
		{7293753F-492C-4AAC-9892-2459123E393B}.Debug|Any CPU.Build.0 = Debug|Any CPU
		{7293753F-492C-4AAC-9892-2459123E393B}.Release|Any CPU.ActiveCfg = Release|Any CPU
		{7293753F-492C-4AAC-9892-2459123E393B}.Release|Any CPU.Build.0 = Release|Any CPU
		{BC73C2A9-CCF4-42F1-BA85-0FE8EBA3889E}.Debug|Any CPU.ActiveCfg = Debug|Any CPU
		{BC73C2A9-CCF4-42F1-BA85-0FE8EBA3889E}.Debug|Any CPU.Build.0 = Debug|Any CPU
		{BC73C2A9-CCF4-42F1-BA85-0FE8EBA3889E}.Release|Any CPU.ActiveCfg = Release|Any CPU
		{BC73C2A9-CCF4-42F1-BA85-0FE8EBA3889E}.Release|Any CPU.Build.0 = Release|Any CPU
		{D76F636F-AA35-4B30-96A4-6BF8638455F9}.Debug|Any CPU.ActiveCfg = Debug|Any CPU
		{D76F636F-AA35-4B30-96A4-6BF8638455F9}.Debug|Any CPU.Build.0 = Debug|Any CPU
		{D76F636F-AA35-4B30-96A4-6BF8638455F9}.Release|Any CPU.ActiveCfg = Release|Any CPU
		{D76F636F-AA35-4B30-96A4-6BF8638455F9}.Release|Any CPU.Build.0 = Release|Any CPU
	EndGlobalSection
	GlobalSection(NestedProjects) = preSolution
		{0337D14B-CE86-4911-9500-D63442E85BE8} = {AB310EC6-B683-496D-9234-3B332DCA3CDB}
		{84428837-A54D-42AB-9633-0395D4C3F7E2} = {AB310EC6-B683-496D-9234-3B332DCA3CDB}
		{7293753F-492C-4AAC-9892-2459123E393B} = {D221E077-772D-4F58-8E31-9B5E8F2F50CF}
		{BC73C2A9-CCF4-42F1-BA85-0FE8EBA3889E} = {D221E077-772D-4F58-8E31-9B5E8F2F50CF}
		{D76F636F-AA35-4B30-96A4-6BF8638455F9} = {363B4E89-5BB7-4742-B53E-40C7CFD10C04}
	EndGlobalSection
EndGlobal
